
Microsoft Visual Studio Solution File, Format Version 12.00
# Visual Studio Version 17
VisualStudioVersion = 17.4.33403.182
MinimumVisualStudioVersion = 10.0.40219.1
Project("{FAE04EC0-301F-11D3-BF4B-00C04F79EFBC}") = "MyServer", "MyServer.csproj", "{9439BF20-E70E-4F06-AFAC-9A765DD0F143}"
EndProject
Global
	GlobalSection(SolutionConfigurationPlatforms) = preSolution
		Debug|Any CPU = Debug|Any CPU
		Release|Any CPU = Release|Any CPU
	EndGlobalSection
	GlobalSection(ProjectConfigurationPlatforms) = postSolution
		{9439BF20-E70E-4F06-AFAC-9A765DD0F143}.Debug|Any CPU.ActiveCfg = Debug|Any CPU
		{9439BF20-E70E-4F06-AFAC-9A765DD0F143}.Debug|Any CPU.Build.0 = Debug|Any CPU
		{9439BF20-E70E-4F06-AFAC-9A765DD0F143}.Release|Any CPU.ActiveCfg = Release|Any CPU
		{9439BF20-E70E-4F06-AFAC-9A765DD0F143}.Release|Any CPU.Build.0 = Release|Any CPU
	EndGlobalSection
	GlobalSection(SolutionProperties) = preSolution
		HideSolutionNode = FALSE
	EndGlobalSection
	GlobalSection(ExtensibilityGlobals) = postSolution
		SolutionGuid = {F530A4A0-B2A4-429A-BEA2-ECAF1063DDDF}
	EndGlobalSection
EndGlobal
